
Microsoft Visual Studio Solution File, Format Version 11.00
# Visual Studio 2010
Project("{8BC9CEB8-8B4A-11D0-8D11-00A0C91BC942}") = "ime_install", "project\ime_install.vcxproj", "{91D56264-83EE-4E32-B1B4-B7728D49FCFA}"
EndProject
Project("{8BC9CEB8-8B4A-11D0-8D11-00A0C91BC942}") = "unispim", "project\unispim.vcxproj", "{1879EE06-1103-4F76-8176-F5E9405D6948}"
EndProject
Project("{8BC9CEB8-8B4A-11D0-8D11-00A0C91BC942}") = "wl_tool", "project\wl_tool.vcxproj", "{92D58ABA-315B-4A2D-B327-98746D9D640A}"
EndProject
Global
	GlobalSection(SolutionConfigurationPlatforms) = preSolution
		Debug-UNICODE|Win32 = Debug-UNICODE|Win32
		Debug-UNICODE|x64 = Debug-UNICODE|x64
		Release-UNICODE|Win32 = Release-UNICODE|Win32
		Release-UNICODE|x64 = Release-UNICODE|x64
		SF-DEBUG-UNICODE|Win32 = SF-DEBUG-UNICODE|Win32
		SF-DEBUG-UNICODE|x64 = SF-DEBUG-UNICODE|x64
		sf-Release-UNICODE|Win32 = sf-Release-UNICODE|Win32
		sf-Release-UNICODE|x64 = sf-Release-UNICODE|x64
	EndGlobalSection
	GlobalSection(ProjectConfigurationPlatforms) = postSolution
		{91D56264-83EE-4E32-B1B4-B7728D49FCFA}.Debug-UNICODE|Win32.ActiveCfg = Debug-UNICODE|Win32
		{91D56264-83EE-4E32-B1B4-B7728D49FCFA}.Debug-UNICODE|Win32.Build.0 = Debug-UNICODE|Win32
		{91D56264-83EE-4E32-B1B4-B7728D49FCFA}.Debug-UNICODE|x64.ActiveCfg = Debug-UNICODE|x64
		{91D56264-83EE-4E32-B1B4-B7728D49FCFA}.Debug-UNICODE|x64.Build.0 = Debug-UNICODE|x64
		{91D56264-83EE-4E32-B1B4-B7728D49FCFA}.Release-UNICODE|Win32.ActiveCfg = Release-UNICODE|Win32
		{91D56264-83EE-4E32-B1B4-B7728D49FCFA}.Release-UNICODE|Win32.Build.0 = Release-UNICODE|Win32
		{91D56264-83EE-4E32-B1B4-B7728D49FCFA}.Release-UNICODE|x64.ActiveCfg = Release-UNICODE|x64
		{91D56264-83EE-4E32-B1B4-B7728D49FCFA}.Release-UNICODE|x64.Build.0 = Release-UNICODE|x64
		{91D56264-83EE-4E32-B1B4-B7728D49FCFA}.SF-DEBUG-UNICODE|Win32.ActiveCfg = SF-DEBUG-UNICODE|Win32
		{91D56264-83EE-4E32-B1B4-B7728D49FCFA}.SF-DEBUG-UNICODE|Win32.Build.0 = SF-DEBUG-UNICODE|Win32
		{91D56264-83EE-4E32-B1B4-B7728D49FCFA}.SF-DEBUG-UNICODE|x64.ActiveCfg = SF-DEBUG-UNICODE|x64
		{91D56264-83EE-4E32-B1B4-B7728D49FCFA}.SF-DEBUG-UNICODE|x64.Build.0 = SF-DEBUG-UNICODE|x64
		{91D56264-83EE-4E32-B1B4-B7728D49FCFA}.sf-Release-UNICODE|Win32.ActiveCfg = sf-Release-UNICODE|Win32
		{91D56264-83EE-4E32-B1B4-B7728D49FCFA}.sf-Release-UNICODE|Win32.Build.0 = sf-Release-UNICODE|Win32
		{91D56264-83EE-4E32-B1B4-B7728D49FCFA}.sf-Release-UNICODE|x64.ActiveCfg = sf-Release-UNICODE|x64
		{91D56264-83EE-4E32-B1B4-B7728D49FCFA}.sf-Release-UNICODE|x64.Build.0 = sf-Release-UNICODE|x64
		{1879EE06-1103-4F76-8176-F5E9405D6948}.Debug-UNICODE|Win32.ActiveCfg = Debug-UNICODE|Win32
		{1879EE06-1103-4F76-8176-F5E9405D6948}.Debug-UNICODE|Win32.Build.0 = Debug-UNICODE|Win32
		{1879EE06-1103-4F76-8176-F5E9405D6948}.Debug-UNICODE|x64.ActiveCfg = Debug-UNICODE|x64
		{1879EE06-1103-4F76-8176-F5E9405D6948}.Debug-UNICODE|x64.Build.0 = Debug-UNICODE|x64
		{1879EE06-1103-4F76-8176-F5E9405D6948}.Release-UNICODE|Win32.ActiveCfg = Release-UNICODE|Win32
		{1879EE06-1103-4F76-8176-F5E9405D6948}.Release-UNICODE|Win32.Build.0 = Release-UNICODE|Win32
		{1879EE06-1103-4F76-8176-F5E9405D6948}.Release-UNICODE|x64.ActiveCfg = Release-UNICODE|x64
		{1879EE06-1103-4F76-8176-F5E9405D6948}.Release-UNICODE|x64.Build.0 = Release-UNICODE|x64
		{1879EE06-1103-4F76-8176-F5E9405D6948}.SF-DEBUG-UNICODE|Win32.ActiveCfg = SF-DEBUG-UNICODE|Win32
		{1879EE06-1103-4F76-8176-F5E9405D6948}.SF-DEBUG-UNICODE|Win32.Build.0 = SF-DEBUG-UNICODE|Win32
		{1879EE06-1103-4F76-8176-F5E9405D6948}.SF-DEBUG-UNICODE|x64.ActiveCfg = SF-DEBUG-UNICODE|x64
		{1879EE06-1103-4F76-8176-F5E9405D6948}.SF-DEBUG-UNICODE|x64.Build.0 = SF-DEBUG-UNICODE|x64
		{1879EE06-1103-4F76-8176-F5E9405D6948}.sf-Release-UNICODE|Win32.ActiveCfg = SF-Release-UNICODE|Win32
		{1879EE06-1103-4F76-8176-F5E9405D6948}.sf-Release-UNICODE|Win32.Build.0 = SF-Release-UNICODE|Win32
		{1879EE06-1103-4F76-8176-F5E9405D6948}.sf-Release-UNICODE|x64.ActiveCfg = SF-Release-UNICODE|x64
		{1879EE06-1103-4F76-8176-F5E9405D6948}.sf-Release-UNICODE|x64.Build.0 = SF-Release-UNICODE|x64
		{92D58ABA-315B-4A2D-B327-98746D9D640A}.Debug-UNICODE|Win32.ActiveCfg = Debug-UNICODE|Win32
		{92D58ABA-315B-4A2D-B327-98746D9D640A}.Debug-UNICODE|Win32.Build.0 = Debug-UNICODE|Win32
		{92D58ABA-315B-4A2D-B327-98746D9D640A}.Debug-UNICODE|x64.ActiveCfg = Debug-UNICODE|x64
		{92D58ABA-315B-4A2D-B327-98746D9D640A}.Debug-UNICODE|x64.Build.0 = Debug-UNICODE|x64
		{92D58ABA-315B-4A2D-B327-98746D9D640A}.Release-UNICODE|Win32.ActiveCfg = Release-UNICODE|Win32
		{92D58ABA-315B-4A2D-B327-98746D9D640A}.Release-UNICODE|Win32.Build.0 = Release-UNICODE|Win32
		{92D58ABA-315B-4A2D-B327-98746D9D640A}.Release-UNICODE|x64.ActiveCfg = Release-UNICODE|x64
		{92D58ABA-315B-4A2D-B327-98746D9D640A}.Release-UNICODE|x64.Build.0 = Release-UNICODE|x64
		{92D58ABA-315B-4A2D-B327-98746D9D640A}.SF-DEBUG-UNICODE|Win32.ActiveCfg = SF-DEBUG-UNICODE|Win32
		{92D58ABA-315B-4A2D-B327-98746D9D640A}.SF-DEBUG-UNICODE|Win32.Build.0 = SF-DEBUG-UNICODE|Win32
		{92D58ABA-315B-4A2D-B327-98746D9D640A}.SF-DEBUG-UNICODE|x64.ActiveCfg = SF-DEBUG-UNICODE|x64
		{92D58ABA-315B-4A2D-B327-98746D9D640A}.SF-DEBUG-UNICODE|x64.Build.0 = SF-DEBUG-UNICODE|x64
		{92D58ABA-315B-4A2D-B327-98746D9D640A}.sf-Release-UNICODE|Win32.ActiveCfg = sf-Release-UNICODE|Win32
		{92D58ABA-315B-4A2D-B327-98746D9D640A}.sf-Release-UNICODE|Win32.Build.0 = sf-Release-UNICODE|Win32
		{92D58ABA-315B-4A2D-B327-98746D9D640A}.sf-Release-UNICODE|x64.ActiveCfg = sf-Release-UNICODE|x64
		{92D58ABA-315B-4A2D-B327-98746D9D640A}.sf-Release-UNICODE|x64.Build.0 = sf-Release-UNICODE|x64
	EndGlobalSection
	GlobalSection(SolutionProperties) = preSolution
		HideSolutionNode = FALSE
	EndGlobalSection
	GlobalSection(DPCodeReviewSolutionGUID) = preSolution
		DPCodeReviewSolutionGUID = {00000000-0000-0000-0000-000000000000}
	EndGlobalSection
EndGlobal
