
Microsoft Visual Studio Solution File, Format Version 12.00
# Visual Studio 15
VisualStudioVersion = 15.0.28307.1300
MinimumVisualStudioVersion = 10.0.40219.1
Project("{8BC9CEB8-8B4A-11D0-8D11-00A0C91BC942}") = "version-update-tools", "version-update-tools.vcxproj", "{ECBC6566-DC81-333F-B2D5-2847E54CA0BF}"
EndProject
Global
	GlobalSection(SolutionConfigurationPlatforms) = preSolution
		Debug|x86 = Debug|x86
		Release|x86 = Release|x86
	EndGlobalSection
	GlobalSection(ProjectConfigurationPlatforms) = postSolution
		{ECBC6566-DC81-333F-B2D5-2847E54CA0BF}.Debug|x86.ActiveCfg = Debug|Win32
		{ECBC6566-DC81-333F-B2D5-2847E54CA0BF}.Debug|x86.Build.0 = Debug|Win32
		{ECBC6566-DC81-333F-B2D5-2847E54CA0BF}.Release|x86.ActiveCfg = Release|Win32
		{ECBC6566-DC81-333F-B2D5-2847E54CA0BF}.Release|x86.Build.0 = Release|Win32
	EndGlobalSection
	GlobalSection(SolutionProperties) = preSolution
		HideSolutionNode = FALSE
	EndGlobalSection
	GlobalSection(ExtensibilityGlobals) = postSolution
		SolutionGuid = {0108659D-FEC9-415E-A65B-59F9558E64A7}
	EndGlobalSection
EndGlobal
